
Microsoft Visual Studio Solution File, Format Version 12.00
# Visual Studio Version 17
VisualStudioVersion = 17.8.34330.188
MinimumVisualStudioVersion = 10.0.40219.1
Project("{FAE04EC0-301F-11D3-BF4B-00C04F79EFBC}") = "Workaround", "Workaround\Workaround.csproj", "{6F5558C5-3A6A-4BEB-A2D7-366F444EB021}"
EndProject
Project("{FAE04EC0-301F-11D3-BF4B-00C04F79EFBC}") = "Entities", "Entities\Entities.csproj", "{D770AA8D-9FDC-4843-902C-189AA5866354}"
EndProject
Project("{FAE04EC0-301F-11D3-BF4B-00C04F79EFBC}") = "Business", "Business\Business.csproj", "{CAD3EC47-6D3C-4517-B6AC-2CF3A7A55950}"
EndProject
Global
	GlobalSection(SolutionConfigurationPlatforms) = preSolution
		Debug|Any CPU = Debug|Any CPU
		Release|Any CPU = Release|Any CPU
	EndGlobalSection
	GlobalSection(ProjectConfigurationPlatforms) = postSolution
		{6F5558C5-3A6A-4BEB-A2D7-366F444EB021}.Debug|Any CPU.ActiveCfg = Debug|Any CPU
		{6F5558C5-3A6A-4BEB-A2D7-366F444EB021}.Debug|Any CPU.Build.0 = Debug|Any CPU
		{6F5558C5-3A6A-4BEB-A2D7-366F444EB021}.Release|Any CPU.ActiveCfg = Release|Any CPU
		{6F5558C5-3A6A-4BEB-A2D7-366F444EB021}.Release|Any CPU.Build.0 = Release|Any CPU
		{D770AA8D-9FDC-4843-902C-189AA5866354}.Debug|Any CPU.ActiveCfg = Debug|Any CPU
		{D770AA8D-9FDC-4843-902C-189AA5866354}.Debug|Any CPU.Build.0 = Debug|Any CPU
		{D770AA8D-9FDC-4843-902C-189AA5866354}.Release|Any CPU.ActiveCfg = Release|Any CPU
		{D770AA8D-9FDC-4843-902C-189AA5866354}.Release|Any CPU.Build.0 = Release|Any CPU
		{CAD3EC47-6D3C-4517-B6AC-2CF3A7A55950}.Debug|Any CPU.ActiveCfg = Debug|Any CPU
		{CAD3EC47-6D3C-4517-B6AC-2CF3A7A55950}.Debug|Any CPU.Build.0 = Debug|Any CPU
		{CAD3EC47-6D3C-4517-B6AC-2CF3A7A55950}.Release|Any CPU.ActiveCfg = Release|Any CPU
		{CAD3EC47-6D3C-4517-B6AC-2CF3A7A55950}.Release|Any CPU.Build.0 = Release|Any CPU
	EndGlobalSection
	GlobalSection(SolutionProperties) = preSolution
		HideSolutionNode = FALSE
	EndGlobalSection
	GlobalSection(ExtensibilityGlobals) = postSolution
		SolutionGuid = {D982CFF6-F346-453D-A50D-0FB5942CF3DC}
	EndGlobalSection
EndGlobal
